
Microsoft Visual Studio Solution File, Format Version 10.00
# Visual Studio 2008
Project("{8BC9CEB8-8B4A-11D0-8D11-00A0C91BC942}") = "precomf", "Precomp\precomf.vcproj", "{24A5A09F-5429-4A37-AF04-0A33E153BCDB}"
EndProject
Project("{8BC9CEB8-8B4A-11D0-8D11-00A0C91BC942}") = "precomp_dll", "paq8o8pre\precomp_dll.vcproj", "{24862A41-6179-427B-B617-833EC0E2CBFB}"
EndProject
Project("{8BC9CEB8-8B4A-11D0-8D11-00A0C91BC942}") = "precompz", "paq8o8pre\paq8o8pre.vcproj", "{E91FCCC2-88EA-4B2B-911B-8502F78D059C}"
	ProjectSection(ProjectDependencies) = postProject
		{24862A41-6179-427B-B617-833EC0E2CBFB} = {24862A41-6179-427B-B617-833EC0E2CBFB}
	EndProjectSection
EndProject
Global
	GlobalSection(SolutionConfigurationPlatforms) = preSolution
		Debug|Win32 = Debug|Win32
		Release|Win32 = Release|Win32
	EndGlobalSection
	GlobalSection(ProjectConfigurationPlatforms) = postSolution
		{24A5A09F-5429-4A37-AF04-0A33E153BCDB}.Debug|Win32.ActiveCfg = Debug|Win32
		{24A5A09F-5429-4A37-AF04-0A33E153BCDB}.Debug|Win32.Build.0 = Debug|Win32
		{24A5A09F-5429-4A37-AF04-0A33E153BCDB}.Release|Win32.ActiveCfg = Release|Win32
		{24A5A09F-5429-4A37-AF04-0A33E153BCDB}.Release|Win32.Build.0 = Release|Win32
		{24862A41-6179-427B-B617-833EC0E2CBFB}.Debug|Win32.ActiveCfg = Debug|Win32
		{24862A41-6179-427B-B617-833EC0E2CBFB}.Debug|Win32.Build.0 = Debug|Win32
		{24862A41-6179-427B-B617-833EC0E2CBFB}.Release|Win32.ActiveCfg = Release|Win32
		{24862A41-6179-427B-B617-833EC0E2CBFB}.Release|Win32.Build.0 = Release|Win32
		{E91FCCC2-88EA-4B2B-911B-8502F78D059C}.Debug|Win32.ActiveCfg = Debug|Win32
		{E91FCCC2-88EA-4B2B-911B-8502F78D059C}.Debug|Win32.Build.0 = Debug|Win32
		{E91FCCC2-88EA-4B2B-911B-8502F78D059C}.Release|Win32.ActiveCfg = Release|Win32
		{E91FCCC2-88EA-4B2B-911B-8502F78D059C}.Release|Win32.Build.0 = Release|Win32
	EndGlobalSection
	GlobalSection(SolutionProperties) = preSolution
		HideSolutionNode = FALSE
	EndGlobalSection
EndGlobal
